
Microsoft Visual Studio Solution File, Format Version 12.00
# Visual Studio 15
Project("{FAE04EC0-301F-11D3-BF4B-00C04F79EFBC}") = "Assembly-CSharp", "Assembly-CSharp.csproj", "{F30D9758-B669-7193-AA43-47D9978AADCD}"
EndProject
Project("{FAE04EC0-301F-11D3-BF4B-00C04F79EFBC}") = "Assembly-CSharp-Editor", "Assembly-CSharp-Editor.csproj", "{B13B36D0-64EC-2165-0A68-DFD2AA18EABE}"
EndProject
Global
	GlobalSection(SolutionConfigurationPlatforms) = preSolution
		Debug|Any CPU = Debug|Any CPU
		Release|Any CPU = Release|Any CPU
	EndGlobalSection
	GlobalSection(ProjectConfigurationPlatforms) = postSolution
		{F30D9758-B669-7193-AA43-47D9978AADCD}.Debug|Any CPU.ActiveCfg = Debug|Any CPU
		{F30D9758-B669-7193-AA43-47D9978AADCD}.Debug|Any CPU.Build.0 = Debug|Any CPU
		{F30D9758-B669-7193-AA43-47D9978AADCD}.Release|Any CPU.ActiveCfg = Release|Any CPU
		{F30D9758-B669-7193-AA43-47D9978AADCD}.Release|Any CPU.Build.0 = Release|Any CPU
		{B13B36D0-64EC-2165-0A68-DFD2AA18EABE}.Debug|Any CPU.ActiveCfg = Debug|Any CPU
		{B13B36D0-64EC-2165-0A68-DFD2AA18EABE}.Debug|Any CPU.Build.0 = Debug|Any CPU
		{B13B36D0-64EC-2165-0A68-DFD2AA18EABE}.Release|Any CPU.ActiveCfg = Release|Any CPU
		{B13B36D0-64EC-2165-0A68-DFD2AA18EABE}.Release|Any CPU.Build.0 = Release|Any CPU
	EndGlobalSection
	GlobalSection(SolutionProperties) = preSolution
		HideSolutionNode = FALSE
	EndGlobalSection
EndGlobal
